// !$*UTF8*$!
{
	archiveVersion = 1;
	classes = {
	};
	objectVersion = 56;
	objects = {

/* Begin PBXBuildFile section */
		9978CC742C2931CC005255E0 /* TouchdownApp.swift in Sources */ = {isa = PBXBuildFile; fileRef = 9978CC732C2931CC005255E0 /* TouchdownApp.swift */; };
		9978CC762C2931CC005255E0 /* ContentView.swift in Sources */ = {isa = PBXBuildFile; fileRef = 9978CC752C2931CC005255E0 /* ContentView.swift */; };
		9978CC782C2931CD005255E0 /* Assets.xcassets in Resources */ = {isa = PBXBuildFile; fileRef = 9978CC772C2931CD005255E0 /* Assets.xcassets */; };
		9978CC7B2C2931CD005255E0 /* Preview Assets.xcassets in Resources */ = {isa = PBXBuildFile; fileRef = 9978CC7A2C2931CD005255E0 /* Preview Assets.xcassets */; };
		9978CC852C2932BE005255E0 /* player.json in Resources */ = {isa = PBXBuildFile; fileRef = 9978CC812C2932BD005255E0 /* player.json */; };
		9978CC862C2932BE005255E0 /* brand.json in Resources */ = {isa = PBXBuildFile; fileRef = 9978CC822C2932BE005255E0 /* brand.json */; };
		9978CC872C2932BE005255E0 /* category.json in Resources */ = {isa = PBXBuildFile; fileRef = 9978CC832C2932BE005255E0 /* category.json */; };
		9978CC882C2932BE005255E0 /* product.json in Resources */ = {isa = PBXBuildFile; fileRef = 9978CC842C2932BE005255E0 /* product.json */; };
		9978CC932C2934EA005255E0 /* Constant.swift in Sources */ = {isa = PBXBuildFile; fileRef = 9978CC922C2934EA005255E0 /* Constant.swift */; };
		9978CC952C2935D1005255E0 /* FooterView.swift in Sources */ = {isa = PBXBuildFile; fileRef = 9978CC942C2935D1005255E0 /* FooterView.swift */; };
		9978CC972C293B35005255E0 /* NavigationBarView.swift in Sources */ = {isa = PBXBuildFile; fileRef = 9978CC962C293B35005255E0 /* NavigationBarView.swift */; };
		9978CC992C293CB1005255E0 /* LogoView.swift in Sources */ = {isa = PBXBuildFile; fileRef = 9978CC982C293CB1005255E0 /* LogoView.swift */; };
		9978CC9B2C2943AD005255E0 /* PlayerModel.swift in Sources */ = {isa = PBXBuildFile; fileRef = 9978CC9A2C2943AD005255E0 /* PlayerModel.swift */; };
		9978CC9D2C294400005255E0 /* CodableBundleExtension.swift in Sources */ = {isa = PBXBuildFile; fileRef = 9978CC9C2C294400005255E0 /* CodableBundleExtension.swift */; };
		9978CC9F2C29450E005255E0 /* FeaturedItemView.swift in Sources */ = {isa = PBXBuildFile; fileRef = 9978CC9E2C29450E005255E0 /* FeaturedItemView.swift */; };
		9978CCA12C2957CA005255E0 /* FeaturedTabView.swift in Sources */ = {isa = PBXBuildFile; fileRef = 9978CCA02C2957CA005255E0 /* FeaturedTabView.swift */; };
		9978CCA32C2961C0005255E0 /* CategoryModel.swift in Sources */ = {isa = PBXBuildFile; fileRef = 9978CCA22C2961C0005255E0 /* CategoryModel.swift */; };
		9978CCA52C2962F4005255E0 /* CategoryItemView.swift in Sources */ = {isa = PBXBuildFile; fileRef = 9978CCA42C2962F4005255E0 /* CategoryItemView.swift */; };
		9978CCA72C2965C8005255E0 /* CategoryGridView.swift in Sources */ = {isa = PBXBuildFile; fileRef = 9978CCA62C2965C8005255E0 /* CategoryGridView.swift */; };
		9978CCA92C296743005255E0 /* SectionView.swift in Sources */ = {isa = PBXBuildFile; fileRef = 9978CCA82C296743005255E0 /* SectionView.swift */; };
		9978CCAB2C29758F005255E0 /* TitleView.swift in Sources */ = {isa = PBXBuildFile; fileRef = 9978CCAA2C29758F005255E0 /* TitleView.swift */; };
		9978CCAD2C2988BA005255E0 /* ProductModel.swift in Sources */ = {isa = PBXBuildFile; fileRef = 9978CCAC2C2988BA005255E0 /* ProductModel.swift */; };
		9978CCAF2C298977005255E0 /* ProductItemView.swift in Sources */ = {isa = PBXBuildFile; fileRef = 9978CCAE2C298977005255E0 /* ProductItemView.swift */; };
		9978CCB12C298D8D005255E0 /* BrandModel.swift in Sources */ = {isa = PBXBuildFile; fileRef = 9978CCB02C298D8D005255E0 /* BrandModel.swift */; };
		9978CCB32C298DFF005255E0 /* BrandItemView.swift in Sources */ = {isa = PBXBuildFile; fileRef = 9978CCB22C298DFF005255E0 /* BrandItemView.swift */; };
		9978CCB52C298F25005255E0 /* BrandGridView.swift in Sources */ = {isa = PBXBuildFile; fileRef = 9978CCB42C298F25005255E0 /* BrandGridView.swift */; };
		9978CCB72C299180005255E0 /* ProductDetailView.swift in Sources */ = {isa = PBXBuildFile; fileRef = 9978CCB62C299180005255E0 /* ProductDetailView.swift */; };
		9978CCB92C299360005255E0 /* NavigationBarDetailView.swift in Sources */ = {isa = PBXBuildFile; fileRef = 9978CCB82C299360005255E0 /* NavigationBarDetailView.swift */; };
		9978CCBB2C2994AA005255E0 /* HeaderDetailView.swift in Sources */ = {isa = PBXBuildFile; fileRef = 9978CCBA2C2994AA005255E0 /* HeaderDetailView.swift */; };
		9978CCBD2C299582005255E0 /* TopPartDetailView.swift in Sources */ = {isa = PBXBuildFile; fileRef = 9978CCBC2C299582005255E0 /* TopPartDetailView.swift */; };
		9978CCBF2C2999F7005255E0 /* CustomShape.swift in Sources */ = {isa = PBXBuildFile; fileRef = 9978CCBE2C2999F7005255E0 /* CustomShape.swift */; };
		9978CCC12C299BE3005255E0 /* RatingsSizesDetailView.swift in Sources */ = {isa = PBXBuildFile; fileRef = 9978CCC02C299BE3005255E0 /* RatingsSizesDetailView.swift */; };
		9978CCC32C299E63005255E0 /* QuantityFavouriteDetailView.swift in Sources */ = {isa = PBXBuildFile; fileRef = 9978CCC22C299E63005255E0 /* QuantityFavouriteDetailView.swift */; };
		9978CCC52C29A3DF005255E0 /* AddToCartDetailView.swift in Sources */ = {isa = PBXBuildFile; fileRef = 9978CCC42C29A3DF005255E0 /* AddToCartDetailView.swift */; };
		9978CCC72C29A5A4005255E0 /* Shop.swift in Sources */ = {isa = PBXBuildFile; fileRef = 9978CCC62C29A5A4005255E0 /* Shop.swift */; };
/* End PBXBuildFile section */

/* Begin PBXFileReference section */
		9978CC702C2931CC005255E0 /* Touchdown.app */ = {isa = PBXFileReference; explicitFileType = wrapper.application; includeInIndex = 0; path = Touchdown.app; sourceTree = BUILT_PRODUCTS_DIR; };
		9978CC732C2931CC005255E0 /* TouchdownApp.swift */ = {isa = PBXFileReference; lastKnownFileType = sourcecode.swift; path = TouchdownApp.swift; sourceTree = "<group>"; };
		9978CC752C2931CC005255E0 /* ContentView.swift */ = {isa = PBXFileReference; lastKnownFileType = sourcecode.swift; path = ContentView.swift; sourceTree = "<group>"; };
		9978CC772C2931CD005255E0 /* Assets.xcassets */ = {isa = PBXFileReference; lastKnownFileType = folder.assetcatalog; path = Assets.xcassets; sourceTree = "<group>"; };
		9978CC7A2C2931CD005255E0 /* Preview Assets.xcassets */ = {isa = PBXFileReference; lastKnownFileType = folder.assetcatalog; path = "Preview Assets.xcassets"; sourceTree = "<group>"; };
		9978CC812C2932BD005255E0 /* player.json */ = {isa = PBXFileReference; fileEncoding = 4; lastKnownFileType = text.json; path = player.json; sourceTree = "<group>"; };
		9978CC822C2932BE005255E0 /* brand.json */ = {isa = PBXFileReference; fileEncoding = 4; lastKnownFileType = text.json; path = brand.json; sourceTree = "<group>"; };
		9978CC832C2932BE005255E0 /* category.json */ = {isa = PBXFileReference; fileEncoding = 4; lastKnownFileType = text.json; path = category.json; sourceTree = "<group>"; };
		9978CC842C2932BE005255E0 /* product.json */ = {isa = PBXFileReference; fileEncoding = 4; lastKnownFileType = text.json; path = product.json; sourceTree = "<group>"; };
		9978CC8A2C293359005255E0 /* Info.plist */ = {isa = PBXFileReference; lastKnownFileType = text.plist; path = Info.plist; sourceTree = "<group>"; };
		9978CC922C2934EA005255E0 /* Constant.swift */ = {isa = PBXFileReference; lastKnownFileType = sourcecode.swift; path = Constant.swift; sourceTree = "<group>"; };
		9978CC942C2935D1005255E0 /* FooterView.swift */ = {isa = PBXFileReference; lastKnownFileType = sourcecode.swift; path = FooterView.swift; sourceTree = "<group>"; };
		9978CC962C293B35005255E0 /* NavigationBarView.swift */ = {isa = PBXFileReference; lastKnownFileType = sourcecode.swift; path = NavigationBarView.swift; sourceTree = "<group>"; };
		9978CC982C293CB1005255E0 /* LogoView.swift */ = {isa = PBXFileReference; lastKnownFileType = sourcecode.swift; path = LogoView.swift; sourceTree = "<group>"; };
		9978CC9A2C2943AD005255E0 /* PlayerModel.swift */ = {isa = PBXFileReference; lastKnownFileType = sourcecode.swift; path = PlayerModel.swift; sourceTree = "<group>"; };
		9978CC9C2C294400005255E0 /* CodableBundleExtension.swift */ = {isa = PBXFileReference; lastKnownFileType = sourcecode.swift; path = CodableBundleExtension.swift; sourceTree = "<group>"; };
		9978CC9E2C29450E005255E0 /* FeaturedItemView.swift */ = {isa = PBXFileReference; lastKnownFileType = sourcecode.swift; path = FeaturedItemView.swift; sourceTree = "<group>"; };
		9978CCA02C2957CA005255E0 /* FeaturedTabView.swift */ = {isa = PBXFileReference; lastKnownFileType = sourcecode.swift; path = FeaturedTabView.swift; sourceTree = "<group>"; };
		9978CCA22C2961C0005255E0 /* CategoryModel.swift */ = {isa = PBXFileReference; lastKnownFileType = sourcecode.swift; path = CategoryModel.swift; sourceTree = "<group>"; };
		9978CCA42C2962F4005255E0 /* CategoryItemView.swift */ = {isa = PBXFileReference; lastKnownFileType = sourcecode.swift; path = CategoryItemView.swift; sourceTree = "<group>"; };
		9978CCA62C2965C8005255E0 /* CategoryGridView.swift */ = {isa = PBXFileReference; lastKnownFileType = sourcecode.swift; path = CategoryGridView.swift; sourceTree = "<group>"; };
		9978CCA82C296743005255E0 /* SectionView.swift */ = {isa = PBXFileReference; lastKnownFileType = sourcecode.swift; path = SectionView.swift; sourceTree = "<group>"; };
		9978CCAA2C29758F005255E0 /* TitleView.swift */ = {isa = PBXFileReference; lastKnownFileType = sourcecode.swift; path = TitleView.swift; sourceTree = "<group>"; };
		9978CCAC2C2988BA005255E0 /* ProductModel.swift */ = {isa = PBXFileReference; lastKnownFileType = sourcecode.swift; path = ProductModel.swift; sourceTree = "<group>"; };
		9978CCAE2C298977005255E0 /* ProductItemView.swift */ = {isa = PBXFileReference; lastKnownFileType = sourcecode.swift; path = ProductItemView.swift; sourceTree = "<group>"; };
		9978CCB02C298D8D005255E0 /* BrandModel.swift */ = {isa = PBXFileReference; lastKnownFileType = sourcecode.swift; path = BrandModel.swift; sourceTree = "<group>"; };
		9978CCB22C298DFF005255E0 /* BrandItemView.swift */ = {isa = PBXFileReference; lastKnownFileType = sourcecode.swift; path = BrandItemView.swift; sourceTree = "<group>"; };
		9978CCB42C298F25005255E0 /* BrandGridView.swift */ = {isa = PBXFileReference; lastKnownFileType = sourcecode.swift; path = BrandGridView.swift; sourceTree = "<group>"; };
		9978CCB62C299180005255E0 /* ProductDetailView.swift */ = {isa = PBXFileReference; lastKnownFileType = sourcecode.swift; path = ProductDetailView.swift; sourceTree = "<group>"; };
		9978CCB82C299360005255E0 /* NavigationBarDetailView.swift */ = {isa = PBXFileReference; lastKnownFileType = sourcecode.swift; path = NavigationBarDetailView.swift; sourceTree = "<group>"; };
		9978CCBA2C2994AA005255E0 /* HeaderDetailView.swift */ = {isa = PBXFileReference; lastKnownFileType = sourcecode.swift; path = HeaderDetailView.swift; sourceTree = "<group>"; };
		9978CCBC2C299582005255E0 /* TopPartDetailView.swift */ = {isa = PBXFileReference; lastKnownFileType = sourcecode.swift; path = TopPartDetailView.swift; sourceTree = "<group>"; };
		9978CCBE2C2999F7005255E0 /* CustomShape.swift */ = {isa = PBXFileReference; lastKnownFileType = sourcecode.swift; path = CustomShape.swift; sourceTree = "<group>"; };
		9978CCC02C299BE3005255E0 /* RatingsSizesDetailView.swift */ = {isa = PBXFileReference; lastKnownFileType = sourcecode.swift; path = RatingsSizesDetailView.swift; sourceTree = "<group>"; };
		9978CCC22C299E63005255E0 /* QuantityFavouriteDetailView.swift */ = {isa = PBXFileReference; lastKnownFileType = sourcecode.swift; path = QuantityFavouriteDetailView.swift; sourceTree = "<group>"; };
		9978CCC42C29A3DF005255E0 /* AddToCartDetailView.swift */ = {isa = PBXFileReference; lastKnownFileType = sourcecode.swift; path = AddToCartDetailView.swift; sourceTree = "<group>"; };
		9978CCC62C29A5A4005255E0 /* Shop.swift */ = {isa = PBXFileReference; lastKnownFileType = sourcecode.swift; path = Shop.swift; sourceTree = "<group>"; };
/* End PBXFileReference section */

/* Begin PBXFrameworksBuildPhase section */
		9978CC6D2C2931CC005255E0 /* Frameworks */ = {
			isa = PBXFrameworksBuildPhase;
			buildActionMask = 2147483647;
			files = (
			);
			runOnlyForDeploymentPostprocessing = 0;
		};
/* End PBXFrameworksBuildPhase section */

/* Begin PBXGroup section */
		9978CC672C2931CC005255E0 = {
			isa = PBXGroup;
			children = (
				9978CC722C2931CC005255E0 /* Touchdown */,
				9978CC712C2931CC005255E0 /* Products */,
			);
			sourceTree = "<group>";
		};
		9978CC712C2931CC005255E0 /* Products */ = {
			isa = PBXGroup;
			children = (
				9978CC702C2931CC005255E0 /* Touchdown.app */,
			);
			name = Products;
			sourceTree = "<group>";
		};
		9978CC722C2931CC005255E0 /* Touchdown */ = {
			isa = PBXGroup;
			children = (
				9978CC8B2C29342B005255E0 /* App */,
				9978CC8C2C293440005255E0 /* View */,
				9978CC8F2C29346F005255E0 /* Model */,
				9978CC912C29348E005255E0 /* Utility */,
				9978CC902C29347D005255E0 /* Extension */,
				9978CC892C2932DC005255E0 /* Data */,
				9978CC8A2C293359005255E0 /* Info.plist */,
				9978CC772C2931CD005255E0 /* Assets.xcassets */,
				9978CC792C2931CD005255E0 /* Preview Content */,
			);
			path = Touchdown;
			sourceTree = "<group>";
		};
		9978CC792C2931CD005255E0 /* Preview Content */ = {
			isa = PBXGroup;
			children = (
				9978CC7A2C2931CD005255E0 /* Preview Assets.xcassets */,
			);
			path = "Preview Content";
			sourceTree = "<group>";
		};
		9978CC892C2932DC005255E0 /* Data */ = {
			isa = PBXGroup;
			children = (
				9978CC822C2932BE005255E0 /* brand.json */,
				9978CC832C2932BE005255E0 /* category.json */,
				9978CC812C2932BD005255E0 /* player.json */,
				9978CC842C2932BE005255E0 /* product.json */,
			);
			path = Data;
			sourceTree = "<group>";
		};
		9978CC8B2C29342B005255E0 /* App */ = {
			isa = PBXGroup;
			children = (
				9978CC732C2931CC005255E0 /* TouchdownApp.swift */,
				9978CC752C2931CC005255E0 /* ContentView.swift */,
				9978CCB62C299180005255E0 /* ProductDetailView.swift */,
			);
			path = App;
			sourceTree = "<group>";
		};
		9978CC8C2C293440005255E0 /* View */ = {
			isa = PBXGroup;
			children = (
				9978CC8D2C293456005255E0 /* Home */,
				9978CC8E2C29345D005255E0 /* Detail */,
			);
			path = View;
			sourceTree = "<group>";
		};
		9978CC8D2C293456005255E0 /* Home */ = {
			isa = PBXGroup;
			children = (
				9978CC942C2935D1005255E0 /* FooterView.swift */,
				9978CC962C293B35005255E0 /* NavigationBarView.swift */,
				9978CC982C293CB1005255E0 /* LogoView.swift */,
				9978CC9E2C29450E005255E0 /* FeaturedItemView.swift */,
				9978CCB22C298DFF005255E0 /* BrandItemView.swift */,
				9978CCB42C298F25005255E0 /* BrandGridView.swift */,
				9978CCA02C2957CA005255E0 /* FeaturedTabView.swift */,
				9978CCAE2C298977005255E0 /* ProductItemView.swift */,
				9978CCA42C2962F4005255E0 /* CategoryItemView.swift */,
				9978CCA62C2965C8005255E0 /* CategoryGridView.swift */,
				9978CCA82C296743005255E0 /* SectionView.swift */,
				9978CCAA2C29758F005255E0 /* TitleView.swift */,
			);
			path = Home;
			sourceTree = "<group>";
		};
		9978CC8E2C29345D005255E0 /* Detail */ = {
			isa = PBXGroup;
			children = (
				9978CCB82C299360005255E0 /* NavigationBarDetailView.swift */,
				9978CCBA2C2994AA005255E0 /* HeaderDetailView.swift */,
				9978CCC02C299BE3005255E0 /* RatingsSizesDetailView.swift */,
				9978CCC42C29A3DF005255E0 /* AddToCartDetailView.swift */,
				9978CCC22C299E63005255E0 /* QuantityFavouriteDetailView.swift */,
				9978CCBC2C299582005255E0 /* TopPartDetailView.swift */,
			);
			path = Detail;
			sourceTree = "<group>";
		};
		9978CC8F2C29346F005255E0 /* Model */ = {
			isa = PBXGroup;
			children = (
				9978CC9A2C2943AD005255E0 /* PlayerModel.swift */,
				9978CCAC2C2988BA005255E0 /* ProductModel.swift */,
				9978CCA22C2961C0005255E0 /* CategoryModel.swift */,
				9978CCB02C298D8D005255E0 /* BrandModel.swift */,
			);
			path = Model;
			sourceTree = "<group>";
		};
		9978CC902C29347D005255E0 /* Extension */ = {
			isa = PBXGroup;
			children = (
				9978CC9C2C294400005255E0 /* CodableBundleExtension.swift */,
			);
			path = Extension;
			sourceTree = "<group>";
		};
		9978CC912C29348E005255E0 /* Utility */ = {
			isa = PBXGroup;
			children = (
				9978CC922C2934EA005255E0 /* Constant.swift */,
				9978CCBE2C2999F7005255E0 /* CustomShape.swift */,
				9978CCC62C29A5A4005255E0 /* Shop.swift */,
			);
			path = Utility;
			sourceTree = "<group>";
		};
/* End PBXGroup section */

/* Begin PBXNativeTarget section */
		9978CC6F2C2931CC005255E0 /* Touchdown */ = {
			isa = PBXNativeTarget;
			buildConfigurationList = 9978CC7E2C2931CD005255E0 /* Build configuration list for PBXNativeTarget "Touchdown" */;
			buildPhases = (
				9978CC6C2C2931CC005255E0 /* Sources */,
				9978CC6D2C2931CC005255E0 /* Frameworks */,
				9978CC6E2C2931CC005255E0 /* Resources */,
			);
			buildRules = (
			);
			dependencies = (
			);
			name = Touchdown;
			productName = Touchdown;
			productReference = 9978CC702C2931CC005255E0 /* Touchdown.app */;
			productType = "com.apple.product-type.application";
		};
/* End PBXNativeTarget section */

/* Begin PBXProject section */
		9978CC682C2931CC005255E0 /* Project object */ = {
			isa = PBXProject;
			attributes = {
				BuildIndependentTargetsInParallel = 1;
				LastSwiftUpdateCheck = 1530;
				LastUpgradeCheck = 1530;
				TargetAttributes = {
					9978CC6F2C2931CC005255E0 = {
						CreatedOnToolsVersion = 15.3;
					};
				};
			};
			buildConfigurationList = 9978CC6B2C2931CC005255E0 /* Build configuration list for PBXProject "Touchdown" */;
			compatibilityVersion = "Xcode 14.0";
			developmentRegion = en;
			hasScannedForEncodings = 0;
			knownRegions = (
				en,
				Base,
			);
			mainGroup = 9978CC672C2931CC005255E0;
			productRefGroup = 9978CC712C2931CC005255E0 /* Products */;
			projectDirPath = "";
			projectRoot = "";
			targets = (
				9978CC6F2C2931CC005255E0 /* Touchdown */,
			);
		};
/* End PBXProject section */

/* Begin PBXResourcesBuildPhase section */
		9978CC6E2C2931CC005255E0 /* Resources */ = {
			isa = PBXResourcesBuildPhase;
			buildActionMask = 2147483647;
			files = (
				9978CC852C2932BE005255E0 /* player.json in Resources */,
				9978CC862C2932BE005255E0 /* brand.json in Resources */,
				9978CC872C2932BE005255E0 /* category.json in Resources */,
				9978CC7B2C2931CD005255E0 /* Preview Assets.xcassets in Resources */,
				9978CC782C2931CD005255E0 /* Assets.xcassets in Resources */,
				9978CC882C2932BE005255E0 /* product.json in Resources */,
			);
			runOnlyForDeploymentPostprocessing = 0;
		};
/* End PBXResourcesBuildPhase section */

/* Begin PBXSourcesBuildPhase section */
		9978CC6C2C2931CC005255E0 /* Sources */ = {
			isa = PBXSourcesBuildPhase;
			buildActionMask = 2147483647;
			files = (
				9978CC9D2C294400005255E0 /* CodableBundleExtension.swift in Sources */,
				9978CCBB2C2994AA005255E0 /* HeaderDetailView.swift in Sources */,
				9978CCBD2C299582005255E0 /* TopPartDetailView.swift in Sources */,
				9978CC762C2931CC005255E0 /* ContentView.swift in Sources */,
				9978CC992C293CB1005255E0 /* LogoView.swift in Sources */,
				9978CC952C2935D1005255E0 /* FooterView.swift in Sources */,
				9978CC9F2C29450E005255E0 /* FeaturedItemView.swift in Sources */,
				9978CCAF2C298977005255E0 /* ProductItemView.swift in Sources */,
				9978CCC52C29A3DF005255E0 /* AddToCartDetailView.swift in Sources */,
				9978CCB52C298F25005255E0 /* BrandGridView.swift in Sources */,
				9978CCC12C299BE3005255E0 /* RatingsSizesDetailView.swift in Sources */,
				9978CC742C2931CC005255E0 /* TouchdownApp.swift in Sources */,
				9978CCB72C299180005255E0 /* ProductDetailView.swift in Sources */,
				9978CCB92C299360005255E0 /* NavigationBarDetailView.swift in Sources */,
				9978CC932C2934EA005255E0 /* Constant.swift in Sources */,
				9978CCA72C2965C8005255E0 /* CategoryGridView.swift in Sources */,
				9978CCA32C2961C0005255E0 /* CategoryModel.swift in Sources */,
				9978CC972C293B35005255E0 /* NavigationBarView.swift in Sources */,
				9978CCA92C296743005255E0 /* SectionView.swift in Sources */,
				9978CCB32C298DFF005255E0 /* BrandItemView.swift in Sources */,
				9978CCA52C2962F4005255E0 /* CategoryItemView.swift in Sources */,
				9978CCA12C2957CA005255E0 /* FeaturedTabView.swift in Sources */,
				9978CCBF2C2999F7005255E0 /* CustomShape.swift in Sources */,
				9978CC9B2C2943AD005255E0 /* PlayerModel.swift in Sources */,
				9978CCC72C29A5A4005255E0 /* Shop.swift in Sources */,
				9978CCB12C298D8D005255E0 /* BrandModel.swift in Sources */,
				9978CCAB2C29758F005255E0 /* TitleView.swift in Sources */,
				9978CCC32C299E63005255E0 /* QuantityFavouriteDetailView.swift in Sources */,
				9978CCAD2C2988BA005255E0 /* ProductModel.swift in Sources */,
			);
			runOnlyForDeploymentPostprocessing = 0;
		};
/* End PBXSourcesBuildPhase section */

/* Begin XCBuildConfiguration section */
		9978CC7C2C2931CD005255E0 /* Debug */ = {
			isa = XCBuildConfiguration;
			buildSettings = {
				ALWAYS_SEARCH_USER_PATHS = NO;
				ASSETCATALOG_COMPILER_GENERATE_SWIFT_ASSET_SYMBOL_EXTENSIONS = YES;
				CLANG_ANALYZER_NONNULL = YES;
				CLANG_ANALYZER_NUMBER_OBJECT_CONVERSION = YES_AGGRESSIVE;
				CLANG_CXX_LANGUAGE_STANDARD = "gnu++20";
				CLANG_ENABLE_MODULES = YES;
				CLANG_ENABLE_OBJC_ARC = YES;
				CLANG_ENABLE_OBJC_WEAK = YES;
				CLANG_WARN_BLOCK_CAPTURE_AUTORELEASING = YES;
				CLANG_WARN_BOOL_CONVERSION = YES;
				CLANG_WARN_COMMA = YES;
				CLANG_WARN_CONSTANT_CONVERSION = YES;
				CLANG_WARN_DEPRECATED_OBJC_IMPLEMENTATIONS = YES;
				CLANG_WARN_DIRECT_OBJC_ISA_USAGE = YES_ERROR;
				CLANG_WARN_DOCUMENTATION_COMMENTS = YES;
				CLANG_WARN_EMPTY_BODY = YES;
				CLANG_WARN_ENUM_CONVERSION = YES;
				CLANG_WARN_INFINITE_RECURSION = YES;
				CLANG_WARN_INT_CONVERSION = YES;
				CLANG_WARN_NON_LITERAL_NULL_CONVERSION = YES;
				CLANG_WARN_OBJC_IMPLICIT_RETAIN_SELF = YES;
				CLANG_WARN_OBJC_LITERAL_CONVERSION = YES;
				CLANG_WARN_OBJC_ROOT_CLASS = YES_ERROR;
				CLANG_WARN_QUOTED_INCLUDE_IN_FRAMEWORK_HEADER = YES;
				CLANG_WARN_RANGE_LOOP_ANALYSIS = YES;
				CLANG_WARN_STRICT_PROTOTYPES = YES;
				CLANG_WARN_SUSPICIOUS_MOVE = YES;
				CLANG_WARN_UNGUARDED_AVAILABILITY = YES_AGGRESSIVE;
				CLANG_WARN_UNREACHABLE_CODE = YES;
				CLANG_WARN__DUPLICATE_METHOD_MATCH = YES;
				COPY_PHASE_STRIP = NO;
				DEBUG_INFORMATION_FORMAT = dwarf;
				ENABLE_STRICT_OBJC_MSGSEND = YES;
				ENABLE_TESTABILITY = YES;
				ENABLE_USER_SCRIPT_SANDBOXING = YES;
				GCC_C_LANGUAGE_STANDARD = gnu17;
				GCC_DYNAMIC_NO_PIC = NO;
				GCC_NO_COMMON_BLOCKS = YES;
				GCC_OPTIMIZATION_LEVEL = 0;
				GCC_PREPROCESSOR_DEFINITIONS = (
					"DEBUG=1",
					"$(inherited)",
				);
				GCC_WARN_64_TO_32_BIT_CONVERSION = YES;
				GCC_WARN_ABOUT_RETURN_TYPE = YES_ERROR;
				GCC_WARN_UNDECLARED_SELECTOR = YES;
				GCC_WARN_UNINITIALIZED_AUTOS = YES_AGGRESSIVE;
				GCC_WARN_UNUSED_FUNCTION = YES;
				GCC_WARN_UNUSED_VARIABLE = YES;
				IPHONEOS_DEPLOYMENT_TARGET = 17.4;
				LOCALIZATION_PREFERS_STRING_CATALOGS = YES;
				MTL_ENABLE_DEBUG_INFO = INCLUDE_SOURCE;
				MTL_FAST_MATH = YES;
				ONLY_ACTIVE_ARCH = YES;
				SDKROOT = iphoneos;
				SWIFT_ACTIVE_COMPILATION_CONDITIONS = "DEBUG $(inherited)";
				SWIFT_OPTIMIZATION_LEVEL = "-Onone";
			};
			name = Debug;
		};
		9978CC7D2C2931CD005255E0 /* Release */ = {
			isa = XCBuildConfiguration;
			buildSettings = {
				ALWAYS_SEARCH_USER_PATHS = NO;
				ASSETCATALOG_COMPILER_GENERATE_SWIFT_ASSET_SYMBOL_EXTENSIONS = YES;
				CLANG_ANALYZER_NONNULL = YES;
				CLANG_ANALYZER_NUMBER_OBJECT_CONVERSION = YES_AGGRESSIVE;
				CLANG_CXX_LANGUAGE_STANDARD = "gnu++20";
				CLANG_ENABLE_MODULES = YES;
				CLANG_ENABLE_OBJC_ARC = YES;
				CLANG_ENABLE_OBJC_WEAK = YES;
				CLANG_WARN_BLOCK_CAPTURE_AUTORELEASING = YES;
				CLANG_WARN_BOOL_CONVERSION = YES;
				CLANG_WARN_COMMA = YES;
				CLANG_WARN_CONSTANT_CONVERSION = YES;
				CLANG_WARN_DEPRECATED_OBJC_IMPLEMENTATIONS = YES;
				CLANG_WARN_DIRECT_OBJC_ISA_USAGE = YES_ERROR;
				CLANG_WARN_DOCUMENTATION_COMMENTS = YES;
				CLANG_WARN_EMPTY_BODY = YES;
				CLANG_WARN_ENUM_CONVERSION = YES;
				CLANG_WARN_INFINITE_RECURSION = YES;
				CLANG_WARN_INT_CONVERSION = YES;
				CLANG_WARN_NON_LITERAL_NULL_CONVERSION = YES;
				CLANG_WARN_OBJC_IMPLICIT_RETAIN_SELF = YES;
				CLANG_WARN_OBJC_LITERAL_CONVERSION = YES;
				CLANG_WARN_OBJC_ROOT_CLASS = YES_ERROR;
				CLANG_WARN_QUOTED_INCLUDE_IN_FRAMEWORK_HEADER = YES;
				CLANG_WARN_RANGE_LOOP_ANALYSIS = YES;
				CLANG_WARN_STRICT_PROTOTYPES = YES;
				CLANG_WARN_SUSPICIOUS_MOVE = YES;
				CLANG_WARN_UNGUARDED_AVAILABILITY = YES_AGGRESSIVE;
				CLANG_WARN_UNREACHABLE_CODE = YES;
				CLANG_WARN__DUPLICATE_METHOD_MATCH = YES;
				COPY_PHASE_STRIP = NO;
				DEBUG_INFORMATION_FORMAT = "dwarf-with-dsym";
				ENABLE_NS_ASSERTIONS = NO;
				ENABLE_STRICT_OBJC_MSGSEND = YES;
				ENABLE_USER_SCRIPT_SANDBOXING = YES;
				GCC_C_LANGUAGE_STANDARD = gnu17;
				GCC_NO_COMMON_BLOCKS = YES;
				GCC_WARN_64_TO_32_BIT_CONVERSION = YES;
				GCC_WARN_ABOUT_RETURN_TYPE = YES_ERROR;
				GCC_WARN_UNDECLARED_SELECTOR = YES;
				GCC_WARN_UNINITIALIZED_AUTOS = YES_AGGRESSIVE;
				GCC_WARN_UNUSED_FUNCTION = YES;
				GCC_WARN_UNUSED_VARIABLE = YES;
				IPHONEOS_DEPLOYMENT_TARGET = 17.4;
				LOCALIZATION_PREFERS_STRING_CATALOGS = YES;
				MTL_ENABLE_DEBUG_INFO = NO;
				MTL_FAST_MATH = YES;
				SDKROOT = iphoneos;
				SWIFT_COMPILATION_MODE = wholemodule;
				VALIDATE_PRODUCT = YES;
			};
			name = Release;
		};
		9978CC7F2C2931CD005255E0 /* Debug */ = {
			isa = XCBuildConfiguration;
			buildSettings = {
				ASSETCATALOG_COMPILER_APPICON_NAME = AppIcon;
				ASSETCATALOG_COMPILER_GLOBAL_ACCENT_COLOR_NAME = AccentColor;
				CODE_SIGN_STYLE = Automatic;
				CURRENT_PROJECT_VERSION = 1;
				DEVELOPMENT_ASSET_PATHS = "\"Touchdown/Preview Content\"";
				DEVELOPMENT_TEAM = 2ZJ5Z36R9F;
				ENABLE_PREVIEWS = YES;
				GENERATE_INFOPLIST_FILE = YES;
				INFOPLIST_FILE = Touchdown/Info.plist;
				INFOPLIST_KEY_UIApplicationSceneManifest_Generation = YES;
				INFOPLIST_KEY_UIApplicationSupportsIndirectInputEvents = YES;
				INFOPLIST_KEY_UISupportedInterfaceOrientations = UIInterfaceOrientationPortrait;
				INFOPLIST_KEY_UISupportedInterfaceOrientations_iPad = "UIInterfaceOrientationPortrait UIInterfaceOrientationPortraitUpsideDown";
				INFOPLIST_KEY_UIUserInterfaceStyle = Light;
				LD_RUNPATH_SEARCH_PATHS = (
					"$(inherited)",
					"@executable_path/Frameworks",
				);
				MARKETING_VERSION = 1.0;
				PRODUCT_BUNDLE_IDENTIFIER = me.imron.Touchdown;
				PRODUCT_NAME = "$(TARGET_NAME)";
				SWIFT_EMIT_LOC_STRINGS = YES;
				SWIFT_VERSION = 5.0;
				TARGETED_DEVICE_FAMILY = "1,2";
			};
			name = Debug;
		};
		9978CC802C2931CD005255E0 /* Release */ = {
			isa = XCBuildConfiguration;
			buildSettings = {
				ASSETCATALOG_COMPILER_APPICON_NAME = AppIcon;
				ASSETCATALOG_COMPILER_GLOBAL_ACCENT_COLOR_NAME = AccentColor;
				CODE_SIGN_STYLE = Automatic;
				CURRENT_PROJECT_VERSION = 1;
				DEVELOPMENT_ASSET_PATHS = "\"Touchdown/Preview Content\"";
				DEVELOPMENT_TEAM = 2ZJ5Z36R9F;
				ENABLE_PREVIEWS = YES;
				GENERATE_INFOPLIST_FILE = YES;
				INFOPLIST_FILE = Touchdown/Info.plist;
				INFOPLIST_KEY_UIApplicationSceneManifest_Generation = YES;
				INFOPLIST_KEY_UIApplicationSupportsIndirectInputEvents = YES;
				INFOPLIST_KEY_UISupportedInterfaceOrientations = UIInterfaceOrientationPortrait;
				INFOPLIST_KEY_UISupportedInterfaceOrientations_iPad = "UIInterfaceOrientationPortrait UIInterfaceOrientationPortraitUpsideDown";
				INFOPLIST_KEY_UIUserInterfaceStyle = Light;
				LD_RUNPATH_SEARCH_PATHS = (
					"$(inherited)",
					"@executable_path/Frameworks",
				);
				MARKETING_VERSION = 1.0;
				PRODUCT_BUNDLE_IDENTIFIER = me.imron.Touchdown;
				PRODUCT_NAME = "$(TARGET_NAME)";
				SWIFT_EMIT_LOC_STRINGS = YES;
				SWIFT_VERSION = 5.0;
				TARGETED_DEVICE_FAMILY = "1,2";
			};
			name = Release;
		};
/* End XCBuildConfiguration section */

/* Begin XCConfigurationList section */
		9978CC6B2C2931CC005255E0 /* Build configuration list for PBXProject "Touchdown" */ = {
			isa = XCConfigurationList;
			buildConfigurations = (
				9978CC7C2C2931CD005255E0 /* Debug */,
				9978CC7D2C2931CD005255E0 /* Release */,
			);
			defaultConfigurationIsVisible = 0;
			defaultConfigurationName = Release;
		};
		9978CC7E2C2931CD005255E0 /* Build configuration list for PBXNativeTarget "Touchdown" */ = {
			isa = XCConfigurationList;
			buildConfigurations = (
				9978CC7F2C2931CD005255E0 /* Debug */,
				9978CC802C2931CD005255E0 /* Release */,
			);
			defaultConfigurationIsVisible = 0;
			defaultConfigurationName = Release;
		};
/* End XCConfigurationList section */
	};
	rootObject = 9978CC682C2931CC005255E0 /* Project object */;
}
